
Microsoft Visual Studio Solution File, Format Version 12.00
# Visual Studio Version 16
VisualStudioVersion = 16.0.28922.388
MinimumVisualStudioVersion = 10.0.40219.1
Project("{FAE04EC0-301F-11D3-BF4B-00C04F79EFBC}") = "MateralSE", "MateralSE\MateralSE.csproj", "{1821F09D-8651-4402-BBEC-13A880D46FB3}"
EndProject
Project("{FAE04EC0-301F-11D3-BF4B-00C04F79EFBC}") = "MateralSE.ConsoleApp", "MateralSE.ConsoleApp\MateralSE.ConsoleApp.csproj", "{81B5DFB4-6E0A-4213-B813-EE9EBC1CBD52}"
EndProject
Global
	GlobalSection(SolutionConfigurationPlatforms) = preSolution
		Debug|Any CPU = Debug|Any CPU
		Release|Any CPU = Release|Any CPU
	EndGlobalSection
	GlobalSection(ProjectConfigurationPlatforms) = postSolution
		{1821F09D-8651-4402-BBEC-13A880D46FB3}.Debug|Any CPU.ActiveCfg = Debug|Any CPU
		{1821F09D-8651-4402-BBEC-13A880D46FB3}.Debug|Any CPU.Build.0 = Debug|Any CPU
		{1821F09D-8651-4402-BBEC-13A880D46FB3}.Release|Any CPU.ActiveCfg = Release|Any CPU
		{1821F09D-8651-4402-BBEC-13A880D46FB3}.Release|Any CPU.Build.0 = Release|Any CPU
		{81B5DFB4-6E0A-4213-B813-EE9EBC1CBD52}.Debug|Any CPU.ActiveCfg = Debug|Any CPU
		{81B5DFB4-6E0A-4213-B813-EE9EBC1CBD52}.Debug|Any CPU.Build.0 = Debug|Any CPU
		{81B5DFB4-6E0A-4213-B813-EE9EBC1CBD52}.Release|Any CPU.ActiveCfg = Release|Any CPU
		{81B5DFB4-6E0A-4213-B813-EE9EBC1CBD52}.Release|Any CPU.Build.0 = Release|Any CPU
	EndGlobalSection
	GlobalSection(SolutionProperties) = preSolution
		HideSolutionNode = FALSE
	EndGlobalSection
	GlobalSection(ExtensibilityGlobals) = postSolution
		SolutionGuid = {187E911A-4EFE-412A-B9A8-A9854823551A}
	EndGlobalSection
EndGlobal
