
Microsoft Visual Studio Solution File, Format Version 12.00
# Visual Studio Version 16
VisualStudioVersion = 16.0.28922.388
MinimumVisualStudioVersion = 10.0.40219.1
Project("{FAE04EC0-301F-11D3-BF4B-00C04F79EFBC}") = "MateralSE.MyApp", "MateralSE.MyApp\MateralSE.MyApp.csproj", "{394953CC-4950-4E34-AF75-86EE770E4CDC}"
EndProject
Global
	GlobalSection(SolutionConfigurationPlatforms) = preSolution
		Debug|Any CPU = Debug|Any CPU
		Release|Any CPU = Release|Any CPU
	EndGlobalSection
	GlobalSection(ProjectConfigurationPlatforms) = postSolution
		{394953CC-4950-4E34-AF75-86EE770E4CDC}.Debug|Any CPU.ActiveCfg = Debug|Any CPU
		{394953CC-4950-4E34-AF75-86EE770E4CDC}.Debug|Any CPU.Build.0 = Debug|Any CPU
		{394953CC-4950-4E34-AF75-86EE770E4CDC}.Release|Any CPU.ActiveCfg = Release|Any CPU
		{394953CC-4950-4E34-AF75-86EE770E4CDC}.Release|Any CPU.Build.0 = Release|Any CPU
	EndGlobalSection
	GlobalSection(SolutionProperties) = preSolution
		HideSolutionNode = FALSE
	EndGlobalSection
	GlobalSection(ExtensibilityGlobals) = postSolution
		SolutionGuid = {187E911A-4EFE-412A-B9A8-A9854823551A}
	EndGlobalSection
EndGlobal
